{
  "name": "worker",
  "version": "1.0.0",
  "lockfileVersion": 3,
  "requires": true,
  "packages": {
    "": {
      "name": "worker",
      "version": "1.0.0",
      "license": "ISC",
      "dependencies": {
        "kafka": "^0.2.3",
        "kafkajs": "^2.2.4"
      }
    },
    "node_modules/kafka": {
      "version": "0.2.3",
      "resolved": "https://registry.npmjs.org/kafka/-/kafka-0.2.3.tgz",
      "integrity": "sha512-Qi9J1HgikGlZz4dGzG++sZ3L52JTE+LCWelz3MNmze0KePSeWvZHVtGe981/mD/u+wyLg6INFw3Rgrqyg+orTA==",
      "dependencies": {
        "std": "0.1.36"
      },
      "engines": {
        "node": "*"
      }
    },
    "node_modules/kafkajs": {
      "version": "2.2.4",
      "resolved": "https://registry.npmjs.org/kafkajs/-/kafkajs-2.2.4.tgz",
      "integrity": "sha512-j/YeapB1vfPT2iOIUn/vxdyKEuhuY2PxMBvf5JWux6iSaukAccrMtXEY/Lb7OvavDhOWME589bpLrEdnVHjfjA==",
      "license": "MIT",
      "engines": {
        "node": ">=14.0.0"
      }
    },
    "node_modules/std": {
      "version": "0.1.36",
      "resolved": "https://registry.npmjs.org/std/-/std-0.1.36.tgz",
      "integrity": "sha512-PZP6srpVKfDgMwgbo+0jOUV0IFAWxHKlyQj3wiZiov8AYbXtoDjhNtFaCLkthOp0T5I6HDFzYvo2mRVtU5HYdg==",
      "engines": {
        "node": "*"
      }
    }
  }
}
